{"filter":false,"title":"Gemfile.lock","tooltip":"/candy_order/Gemfile.lock","undoManager":{"mark":-1,"position":-1,"stack":[]},"ace":{"folds":[],"scrolltop":4035,"scrollleft":0,"selection":{"start":{"row":276,"column":6},"end":{"row":276,"column":11},"isBackwards":false},"options":{"guessTabSize":true,"useWrapMode":false,"wrapToView":true},"firstLineState":{"row":251,"state":"start","mode":"ace/mode/text"}},"timestamp":1623930191451,"hash":"df756a917cea93ef9b9ef3d02f982b9c7f8165db"}